// !$*UTF8*$!
{
	archiveVersion = 1;
	classes = {
	};
	objectVersion = 56;
	objects = {

/* Begin PBXBuildFile section */
		DE67BFB5291D62FD00CCDF4C /* PostsViewModel.swift in Sources */ = {isa = PBXBuildFile; fileRef = DE67BFAC291D62FD00CCDF4C /* PostsViewModel.swift */; };
		DE67BFB6291D62FD00CCDF4C /* PostsTableViewCell.swift in Sources */ = {isa = PBXBuildFile; fileRef = DE67BFAD291D62FD00CCDF4C /* PostsTableViewCell.swift */; };
		DE67BFB7291D62FD00CCDF4C /* PostsTableViewController.swift in Sources */ = {isa = PBXBuildFile; fileRef = DE67BFAE291D62FD00CCDF4C /* PostsTableViewController.swift */; };
		DE67BFB8291D62FD00CCDF4C /* PostsFlowFactory.swift in Sources */ = {isa = PBXBuildFile; fileRef = DE67BFAF291D62FD00CCDF4C /* PostsFlowFactory.swift */; };
		DE67BFB9291D62FD00CCDF4C /* PostsFlowRouter.swift in Sources */ = {isa = PBXBuildFile; fileRef = DE67BFB0291D62FD00CCDF4C /* PostsFlowRouter.swift */; };
		DE67BFBB291D648100CCDF4C /* DetailViewController.swift in Sources */ = {isa = PBXBuildFile; fileRef = DE67BFBA291D648100CCDF4C /* DetailViewController.swift */; };
		DE67BFBD291D64A800CCDF4C /* DetailViewModel.swift in Sources */ = {isa = PBXBuildFile; fileRef = DE67BFBC291D64A800CCDF4C /* DetailViewModel.swift */; };
		DE67BFC1291D64D000CCDF4C /* DetailView.swift in Sources */ = {isa = PBXBuildFile; fileRef = DE67BFC0291D64D000CCDF4C /* DetailView.swift */; };
		DEC8A92729072E0D00D4DFED /* AppDelegate.swift in Sources */ = {isa = PBXBuildFile; fileRef = DEC8A92629072E0D00D4DFED /* AppDelegate.swift */; };
		DEC8A92929072E0D00D4DFED /* SceneDelegate.swift in Sources */ = {isa = PBXBuildFile; fileRef = DEC8A92829072E0D00D4DFED /* SceneDelegate.swift */; };
		DEC8A93029072E0E00D4DFED /* Assets.xcassets in Resources */ = {isa = PBXBuildFile; fileRef = DEC8A92F29072E0E00D4DFED /* Assets.xcassets */; };
		DEC8A93329072E0E00D4DFED /* LaunchScreen.storyboard in Resources */ = {isa = PBXBuildFile; fileRef = DEC8A93129072E0E00D4DFED /* LaunchScreen.storyboard */; };
		DEC8A94A2907379F00D4DFED /* NetworkManager.swift in Sources */ = {isa = PBXBuildFile; fileRef = DEC8A9492907379F00D4DFED /* NetworkManager.swift */; };
		DEC8A94C290737CB00D4DFED /* Post.swift in Sources */ = {isa = PBXBuildFile; fileRef = DEC8A94B290737CB00D4DFED /* Post.swift */; };
		DED98034291D1C37003B68EF /* UITableViewCell+identefier.swift in Sources */ = {isa = PBXBuildFile; fileRef = DED98033291D1C37003B68EF /* UITableViewCell+identefier.swift */; };
		DED98036291D1CD4003B68EF /* UITableView+cellManagment.swift in Sources */ = {isa = PBXBuildFile; fileRef = DED98035291D1CD4003B68EF /* UITableView+cellManagment.swift */; };
/* End PBXBuildFile section */

/* Begin PBXFileReference section */
		DE67BFAC291D62FD00CCDF4C /* PostsViewModel.swift */ = {isa = PBXFileReference; fileEncoding = 4; lastKnownFileType = sourcecode.swift; path = PostsViewModel.swift; sourceTree = "<group>"; };
		DE67BFAD291D62FD00CCDF4C /* PostsTableViewCell.swift */ = {isa = PBXFileReference; fileEncoding = 4; lastKnownFileType = sourcecode.swift; path = PostsTableViewCell.swift; sourceTree = "<group>"; };
		DE67BFAE291D62FD00CCDF4C /* PostsTableViewController.swift */ = {isa = PBXFileReference; fileEncoding = 4; lastKnownFileType = sourcecode.swift; path = PostsTableViewController.swift; sourceTree = "<group>"; };
		DE67BFAF291D62FD00CCDF4C /* PostsFlowFactory.swift */ = {isa = PBXFileReference; fileEncoding = 4; lastKnownFileType = sourcecode.swift; path = PostsFlowFactory.swift; sourceTree = "<group>"; };
		DE67BFB0291D62FD00CCDF4C /* PostsFlowRouter.swift */ = {isa = PBXFileReference; fileEncoding = 4; lastKnownFileType = sourcecode.swift; path = PostsFlowRouter.swift; sourceTree = "<group>"; };
		DE67BFBA291D648100CCDF4C /* DetailViewController.swift */ = {isa = PBXFileReference; lastKnownFileType = sourcecode.swift; path = DetailViewController.swift; sourceTree = "<group>"; };
		DE67BFBC291D64A800CCDF4C /* DetailViewModel.swift */ = {isa = PBXFileReference; lastKnownFileType = sourcecode.swift; path = DetailViewModel.swift; sourceTree = "<group>"; };
		DE67BFC0291D64D000CCDF4C /* DetailView.swift */ = {isa = PBXFileReference; lastKnownFileType = sourcecode.swift; path = DetailView.swift; sourceTree = "<group>"; };
		DEC8A92329072E0D00D4DFED /* List.app */ = {isa = PBXFileReference; explicitFileType = wrapper.application; includeInIndex = 0; path = List.app; sourceTree = BUILT_PRODUCTS_DIR; };
		DEC8A92629072E0D00D4DFED /* AppDelegate.swift */ = {isa = PBXFileReference; lastKnownFileType = sourcecode.swift; path = AppDelegate.swift; sourceTree = "<group>"; };
		DEC8A92829072E0D00D4DFED /* SceneDelegate.swift */ = {isa = PBXFileReference; lastKnownFileType = sourcecode.swift; path = SceneDelegate.swift; sourceTree = "<group>"; };
		DEC8A92F29072E0E00D4DFED /* Assets.xcassets */ = {isa = PBXFileReference; lastKnownFileType = folder.assetcatalog; path = Assets.xcassets; sourceTree = "<group>"; };
		DEC8A93229072E0E00D4DFED /* Base */ = {isa = PBXFileReference; lastKnownFileType = file.storyboard; name = Base; path = Base.lproj/LaunchScreen.storyboard; sourceTree = "<group>"; };
		DEC8A93429072E0E00D4DFED /* Info.plist */ = {isa = PBXFileReference; lastKnownFileType = text.plist.xml; path = Info.plist; sourceTree = "<group>"; };
		DEC8A9492907379F00D4DFED /* NetworkManager.swift */ = {isa = PBXFileReference; lastKnownFileType = sourcecode.swift; path = NetworkManager.swift; sourceTree = "<group>"; };
		DEC8A94B290737CB00D4DFED /* Post.swift */ = {isa = PBXFileReference; lastKnownFileType = sourcecode.swift; path = Post.swift; sourceTree = "<group>"; };
		DED98033291D1C37003B68EF /* UITableViewCell+identefier.swift */ = {isa = PBXFileReference; lastKnownFileType = sourcecode.swift; path = "UITableViewCell+identefier.swift"; sourceTree = "<group>"; };
		DED98035291D1CD4003B68EF /* UITableView+cellManagment.swift */ = {isa = PBXFileReference; lastKnownFileType = sourcecode.swift; path = "UITableView+cellManagment.swift"; sourceTree = "<group>"; };
/* End PBXFileReference section */

/* Begin PBXFrameworksBuildPhase section */
		DEC8A92029072E0D00D4DFED /* Frameworks */ = {
			isa = PBXFrameworksBuildPhase;
			buildActionMask = 2147483647;
			files = (
			);
			runOnlyForDeploymentPostprocessing = 0;
		};
/* End PBXFrameworksBuildPhase section */

/* Begin PBXGroup section */
		DE67BFA5291D62FD00CCDF4C /* Scenes */ = {
			isa = PBXGroup;
			children = (
				DE67BFAA291D62FD00CCDF4C /* PostsFlow */,
			);
			path = Scenes;
			sourceTree = "<group>";
		};
		DE67BFAA291D62FD00CCDF4C /* PostsFlow */ = {
			isa = PBXGroup;
			children = (
				DE67BFAF291D62FD00CCDF4C /* PostsFlowFactory.swift */,
				DE67BFB0291D62FD00CCDF4C /* PostsFlowRouter.swift */,
				DE67BFAB291D62FD00CCDF4C /* Posts */,
				DE67BFB1291D62FD00CCDF4C /* Detail */,
			);
			path = PostsFlow;
			sourceTree = "<group>";
		};
		DE67BFAB291D62FD00CCDF4C /* Posts */ = {
			isa = PBXGroup;
			children = (
				DE67BFAC291D62FD00CCDF4C /* PostsViewModel.swift */,
				DE67BFAE291D62FD00CCDF4C /* PostsTableViewController.swift */,
				DE67BFAD291D62FD00CCDF4C /* PostsTableViewCell.swift */,
			);
			path = Posts;
			sourceTree = "<group>";
		};
		DE67BFB1291D62FD00CCDF4C /* Detail */ = {
			isa = PBXGroup;
			children = (
				DE67BFBC291D64A800CCDF4C /* DetailViewModel.swift */,
				DE67BFBA291D648100CCDF4C /* DetailViewController.swift */,
				DE67BFC0291D64D000CCDF4C /* DetailView.swift */,
			);
			path = Detail;
			sourceTree = "<group>";
		};
		DEC8A91A29072E0D00D4DFED = {
			isa = PBXGroup;
			children = (
				DEC8A92529072E0D00D4DFED /* List */,
				DEC8A92429072E0D00D4DFED /* Products */,
			);
			sourceTree = "<group>";
		};
		DEC8A92429072E0D00D4DFED /* Products */ = {
			isa = PBXGroup;
			children = (
				DEC8A92329072E0D00D4DFED /* List.app */,
			);
			name = Products;
			sourceTree = "<group>";
		};
		DEC8A92529072E0D00D4DFED /* List */ = {
			isa = PBXGroup;
			children = (
				DEC8A92629072E0D00D4DFED /* AppDelegate.swift */,
				DEC8A92829072E0D00D4DFED /* SceneDelegate.swift */,
				DEC8A9482907378E00D4DFED /* Service */,
				DEC8A93A29072EAB00D4DFED /* Models */,
				DE67BFA5291D62FD00CCDF4C /* Scenes */,
				DED98032291D1C19003B68EF /* Extensions */,
				DEC8A92F29072E0E00D4DFED /* Assets.xcassets */,
				DEC8A93129072E0E00D4DFED /* LaunchScreen.storyboard */,
				DEC8A93429072E0E00D4DFED /* Info.plist */,
			);
			path = List;
			sourceTree = "<group>";
		};
		DEC8A93A29072EAB00D4DFED /* Models */ = {
			isa = PBXGroup;
			children = (
				DEC8A94B290737CB00D4DFED /* Post.swift */,
			);
			path = Models;
			sourceTree = "<group>";
		};
		DEC8A9482907378E00D4DFED /* Service */ = {
			isa = PBXGroup;
			children = (
				DEC8A9492907379F00D4DFED /* NetworkManager.swift */,
			);
			path = Service;
			sourceTree = "<group>";
		};
		DED98032291D1C19003B68EF /* Extensions */ = {
			isa = PBXGroup;
			children = (
				DED98033291D1C37003B68EF /* UITableViewCell+identefier.swift */,
				DED98035291D1CD4003B68EF /* UITableView+cellManagment.swift */,
			);
			path = Extensions;
			sourceTree = "<group>";
		};
/* End PBXGroup section */

/* Begin PBXNativeTarget section */
		DEC8A92229072E0D00D4DFED /* List */ = {
			isa = PBXNativeTarget;
			buildConfigurationList = DEC8A93729072E0E00D4DFED /* Build configuration list for PBXNativeTarget "List" */;
			buildPhases = (
				DEC8A91F29072E0D00D4DFED /* Sources */,
				DEC8A92029072E0D00D4DFED /* Frameworks */,
				DEC8A92129072E0D00D4DFED /* Resources */,
			);
			buildRules = (
			);
			dependencies = (
			);
			name = List;
			productName = List;
			productReference = DEC8A92329072E0D00D4DFED /* List.app */;
			productType = "com.apple.product-type.application";
		};
/* End PBXNativeTarget section */

/* Begin PBXProject section */
		DEC8A91B29072E0D00D4DFED /* Project object */ = {
			isa = PBXProject;
			attributes = {
				BuildIndependentTargetsInParallel = 1;
				LastSwiftUpdateCheck = 1400;
				LastUpgradeCheck = 1400;
				TargetAttributes = {
					DEC8A92229072E0D00D4DFED = {
						CreatedOnToolsVersion = 14.0.1;
					};
				};
			};
			buildConfigurationList = DEC8A91E29072E0D00D4DFED /* Build configuration list for PBXProject "List" */;
			compatibilityVersion = "Xcode 14.0";
			developmentRegion = en;
			hasScannedForEncodings = 0;
			knownRegions = (
				en,
				Base,
			);
			mainGroup = DEC8A91A29072E0D00D4DFED;
			productRefGroup = DEC8A92429072E0D00D4DFED /* Products */;
			projectDirPath = "";
			projectRoot = "";
			targets = (
				DEC8A92229072E0D00D4DFED /* List */,
			);
		};
/* End PBXProject section */

/* Begin PBXResourcesBuildPhase section */
		DEC8A92129072E0D00D4DFED /* Resources */ = {
			isa = PBXResourcesBuildPhase;
			buildActionMask = 2147483647;
			files = (
				DEC8A93329072E0E00D4DFED /* LaunchScreen.storyboard in Resources */,
				DEC8A93029072E0E00D4DFED /* Assets.xcassets in Resources */,
			);
			runOnlyForDeploymentPostprocessing = 0;
		};
/* End PBXResourcesBuildPhase section */

/* Begin PBXSourcesBuildPhase section */
		DEC8A91F29072E0D00D4DFED /* Sources */ = {
			isa = PBXSourcesBuildPhase;
			buildActionMask = 2147483647;
			files = (
				DEC8A94C290737CB00D4DFED /* Post.swift in Sources */,
				DE67BFB7291D62FD00CCDF4C /* PostsTableViewController.swift in Sources */,
				DEC8A92729072E0D00D4DFED /* AppDelegate.swift in Sources */,
				DE67BFC1291D64D000CCDF4C /* DetailView.swift in Sources */,
				DE67BFBB291D648100CCDF4C /* DetailViewController.swift in Sources */,
				DED98034291D1C37003B68EF /* UITableViewCell+identefier.swift in Sources */,
				DED98036291D1CD4003B68EF /* UITableView+cellManagment.swift in Sources */,
				DE67BFB9291D62FD00CCDF4C /* PostsFlowRouter.swift in Sources */,
				DEC8A94A2907379F00D4DFED /* NetworkManager.swift in Sources */,
				DE67BFB6291D62FD00CCDF4C /* PostsTableViewCell.swift in Sources */,
				DE67BFBD291D64A800CCDF4C /* DetailViewModel.swift in Sources */,
				DE67BFB5291D62FD00CCDF4C /* PostsViewModel.swift in Sources */,
				DEC8A92929072E0D00D4DFED /* SceneDelegate.swift in Sources */,
				DE67BFB8291D62FD00CCDF4C /* PostsFlowFactory.swift in Sources */,
			);
			runOnlyForDeploymentPostprocessing = 0;
		};
/* End PBXSourcesBuildPhase section */

/* Begin PBXVariantGroup section */
		DEC8A93129072E0E00D4DFED /* LaunchScreen.storyboard */ = {
			isa = PBXVariantGroup;
			children = (
				DEC8A93229072E0E00D4DFED /* Base */,
			);
			name = LaunchScreen.storyboard;
			sourceTree = "<group>";
		};
/* End PBXVariantGroup section */

/* Begin XCBuildConfiguration section */
		DEC8A93529072E0E00D4DFED /* Debug */ = {
			isa = XCBuildConfiguration;
			buildSettings = {
				ALWAYS_SEARCH_USER_PATHS = NO;
				CLANG_ANALYZER_NONNULL = YES;
				CLANG_ANALYZER_NUMBER_OBJECT_CONVERSION = YES_AGGRESSIVE;
				CLANG_CXX_LANGUAGE_STANDARD = "gnu++20";
				CLANG_ENABLE_MODULES = YES;
				CLANG_ENABLE_OBJC_ARC = YES;
				CLANG_ENABLE_OBJC_WEAK = YES;
				CLANG_WARN_BLOCK_CAPTURE_AUTORELEASING = YES;
				CLANG_WARN_BOOL_CONVERSION = YES;
				CLANG_WARN_COMMA = YES;
				CLANG_WARN_CONSTANT_CONVERSION = YES;
				CLANG_WARN_DEPRECATED_OBJC_IMPLEMENTATIONS = YES;
				CLANG_WARN_DIRECT_OBJC_ISA_USAGE = YES_ERROR;
				CLANG_WARN_DOCUMENTATION_COMMENTS = YES;
				CLANG_WARN_EMPTY_BODY = YES;
				CLANG_WARN_ENUM_CONVERSION = YES;
				CLANG_WARN_INFINITE_RECURSION = YES;
				CLANG_WARN_INT_CONVERSION = YES;
				CLANG_WARN_NON_LITERAL_NULL_CONVERSION = YES;
				CLANG_WARN_OBJC_IMPLICIT_RETAIN_SELF = YES;
				CLANG_WARN_OBJC_LITERAL_CONVERSION = YES;
				CLANG_WARN_OBJC_ROOT_CLASS = YES_ERROR;
				CLANG_WARN_QUOTED_INCLUDE_IN_FRAMEWORK_HEADER = YES;
				CLANG_WARN_RANGE_LOOP_ANALYSIS = YES;
				CLANG_WARN_STRICT_PROTOTYPES = YES;
				CLANG_WARN_SUSPICIOUS_MOVE = YES;
				CLANG_WARN_UNGUARDED_AVAILABILITY = YES_AGGRESSIVE;
				CLANG_WARN_UNREACHABLE_CODE = YES;
				CLANG_WARN__DUPLICATE_METHOD_MATCH = YES;
				COPY_PHASE_STRIP = NO;
				DEBUG_INFORMATION_FORMAT = dwarf;
				ENABLE_STRICT_OBJC_MSGSEND = YES;
				ENABLE_TESTABILITY = YES;
				GCC_C_LANGUAGE_STANDARD = gnu11;
				GCC_DYNAMIC_NO_PIC = NO;
				GCC_NO_COMMON_BLOCKS = YES;
				GCC_OPTIMIZATION_LEVEL = 0;
				GCC_PREPROCESSOR_DEFINITIONS = (
					"DEBUG=1",
					"$(inherited)",
				);
				GCC_WARN_64_TO_32_BIT_CONVERSION = YES;
				GCC_WARN_ABOUT_RETURN_TYPE = YES_ERROR;
				GCC_WARN_UNDECLARED_SELECTOR = YES;
				GCC_WARN_UNINITIALIZED_AUTOS = YES_AGGRESSIVE;
				GCC_WARN_UNUSED_FUNCTION = YES;
				GCC_WARN_UNUSED_VARIABLE = YES;
				IPHONEOS_DEPLOYMENT_TARGET = 16.0;
				MTL_ENABLE_DEBUG_INFO = INCLUDE_SOURCE;
				MTL_FAST_MATH = YES;
				ONLY_ACTIVE_ARCH = YES;
				SDKROOT = iphoneos;
				SWIFT_ACTIVE_COMPILATION_CONDITIONS = DEBUG;
				SWIFT_OPTIMIZATION_LEVEL = "-Onone";
			};
			name = Debug;
		};
		DEC8A93629072E0E00D4DFED /* Release */ = {
			isa = XCBuildConfiguration;
			buildSettings = {
				ALWAYS_SEARCH_USER_PATHS = NO;
				CLANG_ANALYZER_NONNULL = YES;
				CLANG_ANALYZER_NUMBER_OBJECT_CONVERSION = YES_AGGRESSIVE;
				CLANG_CXX_LANGUAGE_STANDARD = "gnu++20";
				CLANG_ENABLE_MODULES = YES;
				CLANG_ENABLE_OBJC_ARC = YES;
				CLANG_ENABLE_OBJC_WEAK = YES;
				CLANG_WARN_BLOCK_CAPTURE_AUTORELEASING = YES;
				CLANG_WARN_BOOL_CONVERSION = YES;
				CLANG_WARN_COMMA = YES;
				CLANG_WARN_CONSTANT_CONVERSION = YES;
				CLANG_WARN_DEPRECATED_OBJC_IMPLEMENTATIONS = YES;
				CLANG_WARN_DIRECT_OBJC_ISA_USAGE = YES_ERROR;
				CLANG_WARN_DOCUMENTATION_COMMENTS = YES;
				CLANG_WARN_EMPTY_BODY = YES;
				CLANG_WARN_ENUM_CONVERSION = YES;
				CLANG_WARN_INFINITE_RECURSION = YES;
				CLANG_WARN_INT_CONVERSION = YES;
				CLANG_WARN_NON_LITERAL_NULL_CONVERSION = YES;
				CLANG_WARN_OBJC_IMPLICIT_RETAIN_SELF = YES;
				CLANG_WARN_OBJC_LITERAL_CONVERSION = YES;
				CLANG_WARN_OBJC_ROOT_CLASS = YES_ERROR;
				CLANG_WARN_QUOTED_INCLUDE_IN_FRAMEWORK_HEADER = YES;
				CLANG_WARN_RANGE_LOOP_ANALYSIS = YES;
				CLANG_WARN_STRICT_PROTOTYPES = YES;
				CLANG_WARN_SUSPICIOUS_MOVE = YES;
				CLANG_WARN_UNGUARDED_AVAILABILITY = YES_AGGRESSIVE;
				CLANG_WARN_UNREACHABLE_CODE = YES;
				CLANG_WARN__DUPLICATE_METHOD_MATCH = YES;
				COPY_PHASE_STRIP = NO;
				DEBUG_INFORMATION_FORMAT = "dwarf-with-dsym";
				ENABLE_NS_ASSERTIONS = NO;
				ENABLE_STRICT_OBJC_MSGSEND = YES;
				GCC_C_LANGUAGE_STANDARD = gnu11;
				GCC_NO_COMMON_BLOCKS = YES;
				GCC_WARN_64_TO_32_BIT_CONVERSION = YES;
				GCC_WARN_ABOUT_RETURN_TYPE = YES_ERROR;
				GCC_WARN_UNDECLARED_SELECTOR = YES;
				GCC_WARN_UNINITIALIZED_AUTOS = YES_AGGRESSIVE;
				GCC_WARN_UNUSED_FUNCTION = YES;
				GCC_WARN_UNUSED_VARIABLE = YES;
				IPHONEOS_DEPLOYMENT_TARGET = 16.0;
				MTL_ENABLE_DEBUG_INFO = NO;
				MTL_FAST_MATH = YES;
				SDKROOT = iphoneos;
				SWIFT_COMPILATION_MODE = wholemodule;
				SWIFT_OPTIMIZATION_LEVEL = "-O";
				VALIDATE_PRODUCT = YES;
			};
			name = Release;
		};
		DEC8A93829072E0E00D4DFED /* Debug */ = {
			isa = XCBuildConfiguration;
			buildSettings = {
				ASSETCATALOG_COMPILER_APPICON_NAME = AppIcon;
				ASSETCATALOG_COMPILER_GLOBAL_ACCENT_COLOR_NAME = AccentColor;
				CODE_SIGN_STYLE = Automatic;
				CURRENT_PROJECT_VERSION = 1;
				DEVELOPMENT_TEAM = DVR9X2HBAM;
				GENERATE_INFOPLIST_FILE = YES;
				INFOPLIST_FILE = List/Info.plist;
				INFOPLIST_KEY_UIApplicationSupportsIndirectInputEvents = YES;
				INFOPLIST_KEY_UILaunchStoryboardName = LaunchScreen.storyboard;
				INFOPLIST_KEY_UIMainStoryboardFile = "";
				INFOPLIST_KEY_UISupportedInterfaceOrientations_iPad = "UIInterfaceOrientationPortrait UIInterfaceOrientationPortraitUpsideDown UIInterfaceOrientationLandscapeLeft UIInterfaceOrientationLandscapeRight";
				INFOPLIST_KEY_UISupportedInterfaceOrientations_iPhone = "UIInterfaceOrientationPortrait UIInterfaceOrientationLandscapeLeft UIInterfaceOrientationLandscapeRight";
				LD_RUNPATH_SEARCH_PATHS = (
					"$(inherited)",
					"@executable_path/Frameworks",
				);
				MARKETING_VERSION = 1.0;
				PRODUCT_BUNDLE_IDENTIFIER = test.List;
				PRODUCT_NAME = "$(TARGET_NAME)";
				SUPPORTED_PLATFORMS = "iphoneos iphonesimulator";
				SUPPORTS_MACCATALYST = NO;
				SUPPORTS_MAC_DESIGNED_FOR_IPHONE_IPAD = NO;
				SWIFT_EMIT_LOC_STRINGS = YES;
				SWIFT_VERSION = 5.0;
				TARGETED_DEVICE_FAMILY = "1,2";
			};
			name = Debug;
		};
		DEC8A93929072E0E00D4DFED /* Release */ = {
			isa = XCBuildConfiguration;
			buildSettings = {
				ASSETCATALOG_COMPILER_APPICON_NAME = AppIcon;
				ASSETCATALOG_COMPILER_GLOBAL_ACCENT_COLOR_NAME = AccentColor;
				CODE_SIGN_STYLE = Automatic;
				CURRENT_PROJECT_VERSION = 1;
				DEVELOPMENT_TEAM = DVR9X2HBAM;
				GENERATE_INFOPLIST_FILE = YES;
				INFOPLIST_FILE = List/Info.plist;
				INFOPLIST_KEY_UIApplicationSupportsIndirectInputEvents = YES;
				INFOPLIST_KEY_UILaunchStoryboardName = LaunchScreen.storyboard;
				INFOPLIST_KEY_UIMainStoryboardFile = "";
				INFOPLIST_KEY_UISupportedInterfaceOrientations_iPad = "UIInterfaceOrientationPortrait UIInterfaceOrientationPortraitUpsideDown UIInterfaceOrientationLandscapeLeft UIInterfaceOrientationLandscapeRight";
				INFOPLIST_KEY_UISupportedInterfaceOrientations_iPhone = "UIInterfaceOrientationPortrait UIInterfaceOrientationLandscapeLeft UIInterfaceOrientationLandscapeRight";
				LD_RUNPATH_SEARCH_PATHS = (
					"$(inherited)",
					"@executable_path/Frameworks",
				);
				MARKETING_VERSION = 1.0;
				PRODUCT_BUNDLE_IDENTIFIER = test.List;
				PRODUCT_NAME = "$(TARGET_NAME)";
				SUPPORTED_PLATFORMS = "iphoneos iphonesimulator";
				SUPPORTS_MACCATALYST = NO;
				SUPPORTS_MAC_DESIGNED_FOR_IPHONE_IPAD = NO;
				SWIFT_EMIT_LOC_STRINGS = YES;
				SWIFT_VERSION = 5.0;
				TARGETED_DEVICE_FAMILY = "1,2";
			};
			name = Release;
		};
/* End XCBuildConfiguration section */

/* Begin XCConfigurationList section */
		DEC8A91E29072E0D00D4DFED /* Build configuration list for PBXProject "List" */ = {
			isa = XCConfigurationList;
			buildConfigurations = (
				DEC8A93529072E0E00D4DFED /* Debug */,
				DEC8A93629072E0E00D4DFED /* Release */,
			);
			defaultConfigurationIsVisible = 0;
			defaultConfigurationName = Release;
		};
		DEC8A93729072E0E00D4DFED /* Build configuration list for PBXNativeTarget "List" */ = {
			isa = XCConfigurationList;
			buildConfigurations = (
				DEC8A93829072E0E00D4DFED /* Debug */,
				DEC8A93929072E0E00D4DFED /* Release */,
			);
			defaultConfigurationIsVisible = 0;
			defaultConfigurationName = Release;
		};
/* End XCConfigurationList section */
	};
	rootObject = DEC8A91B29072E0D00D4DFED /* Project object */;
}
